
Microsoft Visual Studio Solution File, Format Version 12.00
# Visual Studio Version 17
VisualStudioVersion = 17.5.002.0
MinimumVisualStudioVersion = 10.0.40219.1
Project("{9A19103F-16F7-4668-BE54-9A1E7A4F7556}") = "Task_3", "Task_3.csproj", "{273C5364-7F50-4E57-ABE6-ED1F7A0E1F17}"
EndProject
Global
	GlobalSection(SolutionConfigurationPlatforms) = preSolution
		Debug|Any CPU = Debug|Any CPU
		Release|Any CPU = Release|Any CPU
	EndGlobalSection
	GlobalSection(ProjectConfigurationPlatforms) = postSolution
		{273C5364-7F50-4E57-ABE6-ED1F7A0E1F17}.Debug|Any CPU.ActiveCfg = Debug|Any CPU
		{273C5364-7F50-4E57-ABE6-ED1F7A0E1F17}.Debug|Any CPU.Build.0 = Debug|Any CPU
		{273C5364-7F50-4E57-ABE6-ED1F7A0E1F17}.Release|Any CPU.ActiveCfg = Release|Any CPU
		{273C5364-7F50-4E57-ABE6-ED1F7A0E1F17}.Release|Any CPU.Build.0 = Release|Any CPU
	EndGlobalSection
	GlobalSection(SolutionProperties) = preSolution
		HideSolutionNode = FALSE
	EndGlobalSection
	GlobalSection(ExtensibilityGlobals) = postSolution
		SolutionGuid = {FD24977C-AD7E-4512-BBAA-111F8F92F9E1}
	EndGlobalSection
EndGlobal
